
Microsoft Visual Studio Solution File, Format Version 12.00
# Visual Studio Version 16
VisualStudioVersion = 16.0.29009.5
MinimumVisualStudioVersion = 10.0.40219.1
Project("{2150E333-8FDC-42A3-9474-1A3956D46DE8}") = "App", "App", "{0EE09179-7B2E-4354-BC6A-88F939FE8392}"
EndProject
Project("{2150E333-8FDC-42A3-9474-1A3956D46DE8}") = "Core", "Core", "{09608BE2-EF4F-4319-AD9B-A4914ED1FEFA}"
EndProject
Project("{9A19103F-16F7-4668-BE54-9A1E7A4F7556}") = "Business", "src\Core\Business\Business.csproj", "{935CE771-B039-4FFD-888A-837023F04D7B}"
EndProject
Project("{9A19103F-16F7-4668-BE54-9A1E7A4F7556}") = "AdminPanel", "src\App\Web\AdminPanel\AdminPanel.csproj", "{9AEF455F-804B-4145-931D-3687AEC86BCE}"
EndProject
Project("{9A19103F-16F7-4668-BE54-9A1E7A4F7556}") = "TransportationCompaniesPanel", "src\App\Web\TransportationCompaniesPanel\TransportationCompaniesPanel.csproj", "{6089292C-B3B5-40D2-ABBD-560321794255}"
EndProject
Project("{9A19103F-16F7-4668-BE54-9A1E7A4F7556}") = "Services", "src\App\Web\Services\Services.csproj", "{0F2AB58D-0DC4-4591-8E3E-9235EE199362}"
EndProject
Project("{2150E333-8FDC-42A3-9474-1A3956D46DE8}") = "Web", "Web", "{4FC2CBE7-DDA7-4E88-A0A8-A3C8DCDDB9AE}"
EndProject
Project("{2150E333-8FDC-42A3-9474-1A3956D46DE8}") = "Mobile", "Mobile", "{20B53C6D-BC8D-454F-AC7B-F24EB42A905F}"
EndProject
Project("{FAE04EC0-301F-11D3-BF4B-00C04F79EFBC}") = "Passenger.Android", "src\App\Mobile\Passenger.Android\Passenger.Android.csproj", "{61643658-E272-4A22-B143-BEC48CF8A83F}"
EndProject
Project("{FAE04EC0-301F-11D3-BF4B-00C04F79EFBC}") = "Passenger.iOS", "src\App\Mobile\Passenger.iOS\Passenger.iOS.csproj", "{EB62A8D2-D617-42C1-A042-C31C929E827F}"
EndProject
Project("{9A19103F-16F7-4668-BE54-9A1E7A4F7556}") = "Passenger", "src\App\Mobile\Passenger\Passenger.csproj", "{2B535B05-5C21-4D22-9176-9E43DABD8528}"
EndProject
Project("{2150E333-8FDC-42A3-9474-1A3956D46DE8}") = "Solution Items", "Solution Items", "{9A87D58B-FA07-4793-AADA-96428C292CEF}"
	ProjectSection(SolutionItems) = preProject
		.gitignore = .gitignore
		readme.md = readme.md
	EndProjectSection
EndProject
Project("{FAE04EC0-301F-11D3-BF4B-00C04F79EFBC}") = "Driver.Android", "src\App\Mobile\Driver.Android\Driver.Android.csproj", "{77B3FFB0-8B25-4409-AE71-BD58A3DD2C42}"
EndProject
Project("{FAE04EC0-301F-11D3-BF4B-00C04F79EFBC}") = "Driver.iOS", "src\App\Mobile\Driver.iOS\Driver.iOS.csproj", "{8546E6B4-115A-41E9-A2F5-986DAA748243}"
EndProject
Project("{9A19103F-16F7-4668-BE54-9A1E7A4F7556}") = "Driver", "src\App\Mobile\Driver\Driver.csproj", "{077EAA1A-607B-4570-9116-EBA9DA79449C}"
EndProject
Project("{9A19103F-16F7-4668-BE54-9A1E7A4F7556}") = "Driver.GatewayApi", "src\App\Mobile\Driver.GatewayApi\Driver.GatewayApi.csproj", "{072031ED-49EC-45C2-AE44-40F28929D190}"
EndProject
Project("{FAE04EC0-301F-11D3-BF4B-00C04F79EFBC}") = "Support", "src\Core\Support\Support.csproj", "{14A584B8-4168-4148-AAAA-63BF56BB2060}"
EndProject
Global
	GlobalSection(SolutionConfigurationPlatforms) = preSolution
		Debug|Any CPU = Debug|Any CPU
		Debug|iPhone = Debug|iPhone
		Debug|iPhoneSimulator = Debug|iPhoneSimulator
		Release|Any CPU = Release|Any CPU
		Release|iPhone = Release|iPhone
		Release|iPhoneSimulator = Release|iPhoneSimulator
	EndGlobalSection
	GlobalSection(ProjectConfigurationPlatforms) = postSolution
		{935CE771-B039-4FFD-888A-837023F04D7B}.Debug|Any CPU.ActiveCfg = Debug|Any CPU
		{935CE771-B039-4FFD-888A-837023F04D7B}.Debug|Any CPU.Build.0 = Debug|Any CPU
		{935CE771-B039-4FFD-888A-837023F04D7B}.Debug|iPhone.ActiveCfg = Debug|Any CPU
		{935CE771-B039-4FFD-888A-837023F04D7B}.Debug|iPhone.Build.0 = Debug|Any CPU
		{935CE771-B039-4FFD-888A-837023F04D7B}.Debug|iPhoneSimulator.ActiveCfg = Debug|Any CPU
		{935CE771-B039-4FFD-888A-837023F04D7B}.Debug|iPhoneSimulator.Build.0 = Debug|Any CPU
		{935CE771-B039-4FFD-888A-837023F04D7B}.Release|Any CPU.ActiveCfg = Release|Any CPU
		{935CE771-B039-4FFD-888A-837023F04D7B}.Release|Any CPU.Build.0 = Release|Any CPU
		{935CE771-B039-4FFD-888A-837023F04D7B}.Release|iPhone.ActiveCfg = Release|Any CPU
		{935CE771-B039-4FFD-888A-837023F04D7B}.Release|iPhone.Build.0 = Release|Any CPU
		{935CE771-B039-4FFD-888A-837023F04D7B}.Release|iPhoneSimulator.ActiveCfg = Release|Any CPU
		{935CE771-B039-4FFD-888A-837023F04D7B}.Release|iPhoneSimulator.Build.0 = Release|Any CPU
		{9AEF455F-804B-4145-931D-3687AEC86BCE}.Debug|Any CPU.ActiveCfg = Debug|Any CPU
		{9AEF455F-804B-4145-931D-3687AEC86BCE}.Debug|Any CPU.Build.0 = Debug|Any CPU
		{9AEF455F-804B-4145-931D-3687AEC86BCE}.Debug|iPhone.ActiveCfg = Debug|Any CPU
		{9AEF455F-804B-4145-931D-3687AEC86BCE}.Debug|iPhone.Build.0 = Debug|Any CPU
		{9AEF455F-804B-4145-931D-3687AEC86BCE}.Debug|iPhoneSimulator.ActiveCfg = Debug|Any CPU
		{9AEF455F-804B-4145-931D-3687AEC86BCE}.Debug|iPhoneSimulator.Build.0 = Debug|Any CPU
		{9AEF455F-804B-4145-931D-3687AEC86BCE}.Release|Any CPU.ActiveCfg = Release|Any CPU
		{9AEF455F-804B-4145-931D-3687AEC86BCE}.Release|Any CPU.Build.0 = Release|Any CPU
		{9AEF455F-804B-4145-931D-3687AEC86BCE}.Release|iPhone.ActiveCfg = Release|Any CPU
		{9AEF455F-804B-4145-931D-3687AEC86BCE}.Release|iPhone.Build.0 = Release|Any CPU
		{9AEF455F-804B-4145-931D-3687AEC86BCE}.Release|iPhoneSimulator.ActiveCfg = Release|Any CPU
		{9AEF455F-804B-4145-931D-3687AEC86BCE}.Release|iPhoneSimulator.Build.0 = Release|Any CPU
		{6089292C-B3B5-40D2-ABBD-560321794255}.Debug|Any CPU.ActiveCfg = Debug|Any CPU
		{6089292C-B3B5-40D2-ABBD-560321794255}.Debug|Any CPU.Build.0 = Debug|Any CPU
		{6089292C-B3B5-40D2-ABBD-560321794255}.Debug|iPhone.ActiveCfg = Debug|Any CPU
		{6089292C-B3B5-40D2-ABBD-560321794255}.Debug|iPhone.Build.0 = Debug|Any CPU
		{6089292C-B3B5-40D2-ABBD-560321794255}.Debug|iPhoneSimulator.ActiveCfg = Debug|Any CPU
		{6089292C-B3B5-40D2-ABBD-560321794255}.Debug|iPhoneSimulator.Build.0 = Debug|Any CPU
		{6089292C-B3B5-40D2-ABBD-560321794255}.Release|Any CPU.ActiveCfg = Release|Any CPU
		{6089292C-B3B5-40D2-ABBD-560321794255}.Release|Any CPU.Build.0 = Release|Any CPU
		{6089292C-B3B5-40D2-ABBD-560321794255}.Release|iPhone.ActiveCfg = Release|Any CPU
		{6089292C-B3B5-40D2-ABBD-560321794255}.Release|iPhone.Build.0 = Release|Any CPU
		{6089292C-B3B5-40D2-ABBD-560321794255}.Release|iPhoneSimulator.ActiveCfg = Release|Any CPU
		{6089292C-B3B5-40D2-ABBD-560321794255}.Release|iPhoneSimulator.Build.0 = Release|Any CPU
		{0F2AB58D-0DC4-4591-8E3E-9235EE199362}.Debug|Any CPU.ActiveCfg = Debug|Any CPU
		{0F2AB58D-0DC4-4591-8E3E-9235EE199362}.Debug|Any CPU.Build.0 = Debug|Any CPU
		{0F2AB58D-0DC4-4591-8E3E-9235EE199362}.Debug|iPhone.ActiveCfg = Debug|Any CPU
		{0F2AB58D-0DC4-4591-8E3E-9235EE199362}.Debug|iPhone.Build.0 = Debug|Any CPU
		{0F2AB58D-0DC4-4591-8E3E-9235EE199362}.Debug|iPhoneSimulator.ActiveCfg = Debug|Any CPU
		{0F2AB58D-0DC4-4591-8E3E-9235EE199362}.Debug|iPhoneSimulator.Build.0 = Debug|Any CPU
		{0F2AB58D-0DC4-4591-8E3E-9235EE199362}.Release|Any CPU.ActiveCfg = Release|Any CPU
		{0F2AB58D-0DC4-4591-8E3E-9235EE199362}.Release|Any CPU.Build.0 = Release|Any CPU
		{0F2AB58D-0DC4-4591-8E3E-9235EE199362}.Release|iPhone.ActiveCfg = Release|Any CPU
		{0F2AB58D-0DC4-4591-8E3E-9235EE199362}.Release|iPhone.Build.0 = Release|Any CPU
		{0F2AB58D-0DC4-4591-8E3E-9235EE199362}.Release|iPhoneSimulator.ActiveCfg = Release|Any CPU
		{0F2AB58D-0DC4-4591-8E3E-9235EE199362}.Release|iPhoneSimulator.Build.0 = Release|Any CPU
		{61643658-E272-4A22-B143-BEC48CF8A83F}.Debug|Any CPU.ActiveCfg = Debug|Any CPU
		{61643658-E272-4A22-B143-BEC48CF8A83F}.Debug|Any CPU.Build.0 = Debug|Any CPU
		{61643658-E272-4A22-B143-BEC48CF8A83F}.Debug|Any CPU.Deploy.0 = Debug|Any CPU
		{61643658-E272-4A22-B143-BEC48CF8A83F}.Debug|iPhone.ActiveCfg = Debug|Any CPU
		{61643658-E272-4A22-B143-BEC48CF8A83F}.Debug|iPhone.Build.0 = Debug|Any CPU
		{61643658-E272-4A22-B143-BEC48CF8A83F}.Debug|iPhone.Deploy.0 = Debug|Any CPU
		{61643658-E272-4A22-B143-BEC48CF8A83F}.Debug|iPhoneSimulator.ActiveCfg = Debug|Any CPU
		{61643658-E272-4A22-B143-BEC48CF8A83F}.Debug|iPhoneSimulator.Build.0 = Debug|Any CPU
		{61643658-E272-4A22-B143-BEC48CF8A83F}.Debug|iPhoneSimulator.Deploy.0 = Debug|Any CPU
		{61643658-E272-4A22-B143-BEC48CF8A83F}.Release|Any CPU.ActiveCfg = Release|Any CPU
		{61643658-E272-4A22-B143-BEC48CF8A83F}.Release|Any CPU.Build.0 = Release|Any CPU
		{61643658-E272-4A22-B143-BEC48CF8A83F}.Release|Any CPU.Deploy.0 = Release|Any CPU
		{61643658-E272-4A22-B143-BEC48CF8A83F}.Release|iPhone.ActiveCfg = Release|Any CPU
		{61643658-E272-4A22-B143-BEC48CF8A83F}.Release|iPhone.Build.0 = Release|Any CPU
		{61643658-E272-4A22-B143-BEC48CF8A83F}.Release|iPhone.Deploy.0 = Release|Any CPU
		{61643658-E272-4A22-B143-BEC48CF8A83F}.Release|iPhoneSimulator.ActiveCfg = Release|Any CPU
		{61643658-E272-4A22-B143-BEC48CF8A83F}.Release|iPhoneSimulator.Build.0 = Release|Any CPU
		{61643658-E272-4A22-B143-BEC48CF8A83F}.Release|iPhoneSimulator.Deploy.0 = Release|Any CPU
		{EB62A8D2-D617-42C1-A042-C31C929E827F}.Debug|Any CPU.ActiveCfg = Debug|iPhone
		{EB62A8D2-D617-42C1-A042-C31C929E827F}.Debug|iPhone.ActiveCfg = Debug|iPhone
		{EB62A8D2-D617-42C1-A042-C31C929E827F}.Debug|iPhone.Build.0 = Debug|iPhone
		{EB62A8D2-D617-42C1-A042-C31C929E827F}.Debug|iPhoneSimulator.ActiveCfg = Debug|iPhoneSimulator
		{EB62A8D2-D617-42C1-A042-C31C929E827F}.Debug|iPhoneSimulator.Build.0 = Debug|iPhoneSimulator
		{EB62A8D2-D617-42C1-A042-C31C929E827F}.Release|Any CPU.ActiveCfg = Release|iPhone
		{EB62A8D2-D617-42C1-A042-C31C929E827F}.Release|iPhone.ActiveCfg = Release|iPhone
		{EB62A8D2-D617-42C1-A042-C31C929E827F}.Release|iPhone.Build.0 = Release|iPhone
		{EB62A8D2-D617-42C1-A042-C31C929E827F}.Release|iPhoneSimulator.ActiveCfg = Release|iPhoneSimulator
		{EB62A8D2-D617-42C1-A042-C31C929E827F}.Release|iPhoneSimulator.Build.0 = Release|iPhoneSimulator
		{2B535B05-5C21-4D22-9176-9E43DABD8528}.Debug|Any CPU.ActiveCfg = Debug|Any CPU
		{2B535B05-5C21-4D22-9176-9E43DABD8528}.Debug|Any CPU.Build.0 = Debug|Any CPU
		{2B535B05-5C21-4D22-9176-9E43DABD8528}.Debug|iPhone.ActiveCfg = Debug|Any CPU
		{2B535B05-5C21-4D22-9176-9E43DABD8528}.Debug|iPhone.Build.0 = Debug|Any CPU
		{2B535B05-5C21-4D22-9176-9E43DABD8528}.Debug|iPhoneSimulator.ActiveCfg = Debug|Any CPU
		{2B535B05-5C21-4D22-9176-9E43DABD8528}.Debug|iPhoneSimulator.Build.0 = Debug|Any CPU
		{2B535B05-5C21-4D22-9176-9E43DABD8528}.Release|Any CPU.ActiveCfg = Release|Any CPU
		{2B535B05-5C21-4D22-9176-9E43DABD8528}.Release|Any CPU.Build.0 = Release|Any CPU
		{2B535B05-5C21-4D22-9176-9E43DABD8528}.Release|iPhone.ActiveCfg = Release|Any CPU
		{2B535B05-5C21-4D22-9176-9E43DABD8528}.Release|iPhone.Build.0 = Release|Any CPU
		{2B535B05-5C21-4D22-9176-9E43DABD8528}.Release|iPhoneSimulator.ActiveCfg = Release|Any CPU
		{2B535B05-5C21-4D22-9176-9E43DABD8528}.Release|iPhoneSimulator.Build.0 = Release|Any CPU
		{77B3FFB0-8B25-4409-AE71-BD58A3DD2C42}.Debug|Any CPU.ActiveCfg = Debug|Any CPU
		{77B3FFB0-8B25-4409-AE71-BD58A3DD2C42}.Debug|Any CPU.Build.0 = Debug|Any CPU
		{77B3FFB0-8B25-4409-AE71-BD58A3DD2C42}.Debug|Any CPU.Deploy.0 = Debug|Any CPU
		{77B3FFB0-8B25-4409-AE71-BD58A3DD2C42}.Debug|iPhone.ActiveCfg = Debug|Any CPU
		{77B3FFB0-8B25-4409-AE71-BD58A3DD2C42}.Debug|iPhone.Build.0 = Debug|Any CPU
		{77B3FFB0-8B25-4409-AE71-BD58A3DD2C42}.Debug|iPhone.Deploy.0 = Debug|Any CPU
		{77B3FFB0-8B25-4409-AE71-BD58A3DD2C42}.Debug|iPhoneSimulator.ActiveCfg = Debug|Any CPU
		{77B3FFB0-8B25-4409-AE71-BD58A3DD2C42}.Debug|iPhoneSimulator.Build.0 = Debug|Any CPU
		{77B3FFB0-8B25-4409-AE71-BD58A3DD2C42}.Debug|iPhoneSimulator.Deploy.0 = Debug|Any CPU
		{77B3FFB0-8B25-4409-AE71-BD58A3DD2C42}.Release|Any CPU.ActiveCfg = Release|Any CPU
		{77B3FFB0-8B25-4409-AE71-BD58A3DD2C42}.Release|Any CPU.Build.0 = Release|Any CPU
		{77B3FFB0-8B25-4409-AE71-BD58A3DD2C42}.Release|Any CPU.Deploy.0 = Release|Any CPU
		{77B3FFB0-8B25-4409-AE71-BD58A3DD2C42}.Release|iPhone.ActiveCfg = Release|Any CPU
		{77B3FFB0-8B25-4409-AE71-BD58A3DD2C42}.Release|iPhone.Build.0 = Release|Any CPU
		{77B3FFB0-8B25-4409-AE71-BD58A3DD2C42}.Release|iPhone.Deploy.0 = Release|Any CPU
		{77B3FFB0-8B25-4409-AE71-BD58A3DD2C42}.Release|iPhoneSimulator.ActiveCfg = Release|Any CPU
		{77B3FFB0-8B25-4409-AE71-BD58A3DD2C42}.Release|iPhoneSimulator.Build.0 = Release|Any CPU
		{77B3FFB0-8B25-4409-AE71-BD58A3DD2C42}.Release|iPhoneSimulator.Deploy.0 = Release|Any CPU
		{8546E6B4-115A-41E9-A2F5-986DAA748243}.Debug|Any CPU.ActiveCfg = Debug|iPhone
		{8546E6B4-115A-41E9-A2F5-986DAA748243}.Debug|iPhone.ActiveCfg = Debug|iPhone
		{8546E6B4-115A-41E9-A2F5-986DAA748243}.Debug|iPhone.Build.0 = Debug|iPhone
		{8546E6B4-115A-41E9-A2F5-986DAA748243}.Debug|iPhoneSimulator.ActiveCfg = Debug|iPhoneSimulator
		{8546E6B4-115A-41E9-A2F5-986DAA748243}.Debug|iPhoneSimulator.Build.0 = Debug|iPhoneSimulator
		{8546E6B4-115A-41E9-A2F5-986DAA748243}.Release|Any CPU.ActiveCfg = Release|iPhone
		{8546E6B4-115A-41E9-A2F5-986DAA748243}.Release|iPhone.ActiveCfg = Release|iPhone
		{8546E6B4-115A-41E9-A2F5-986DAA748243}.Release|iPhone.Build.0 = Release|iPhone
		{8546E6B4-115A-41E9-A2F5-986DAA748243}.Release|iPhoneSimulator.ActiveCfg = Release|iPhoneSimulator
		{8546E6B4-115A-41E9-A2F5-986DAA748243}.Release|iPhoneSimulator.Build.0 = Release|iPhoneSimulator
		{077EAA1A-607B-4570-9116-EBA9DA79449C}.Debug|Any CPU.ActiveCfg = Debug|Any CPU
		{077EAA1A-607B-4570-9116-EBA9DA79449C}.Debug|Any CPU.Build.0 = Debug|Any CPU
		{077EAA1A-607B-4570-9116-EBA9DA79449C}.Debug|iPhone.ActiveCfg = Debug|Any CPU
		{077EAA1A-607B-4570-9116-EBA9DA79449C}.Debug|iPhone.Build.0 = Debug|Any CPU
		{077EAA1A-607B-4570-9116-EBA9DA79449C}.Debug|iPhoneSimulator.ActiveCfg = Debug|Any CPU
		{077EAA1A-607B-4570-9116-EBA9DA79449C}.Debug|iPhoneSimulator.Build.0 = Debug|Any CPU
		{077EAA1A-607B-4570-9116-EBA9DA79449C}.Release|Any CPU.ActiveCfg = Release|Any CPU
		{077EAA1A-607B-4570-9116-EBA9DA79449C}.Release|Any CPU.Build.0 = Release|Any CPU
		{077EAA1A-607B-4570-9116-EBA9DA79449C}.Release|iPhone.ActiveCfg = Release|Any CPU
		{077EAA1A-607B-4570-9116-EBA9DA79449C}.Release|iPhone.Build.0 = Release|Any CPU
		{077EAA1A-607B-4570-9116-EBA9DA79449C}.Release|iPhoneSimulator.ActiveCfg = Release|Any CPU
		{077EAA1A-607B-4570-9116-EBA9DA79449C}.Release|iPhoneSimulator.Build.0 = Release|Any CPU
		{072031ED-49EC-45C2-AE44-40F28929D190}.Debug|Any CPU.ActiveCfg = Debug|Any CPU
		{072031ED-49EC-45C2-AE44-40F28929D190}.Debug|Any CPU.Build.0 = Debug|Any CPU
		{072031ED-49EC-45C2-AE44-40F28929D190}.Debug|iPhone.ActiveCfg = Debug|Any CPU
		{072031ED-49EC-45C2-AE44-40F28929D190}.Debug|iPhone.Build.0 = Debug|Any CPU
		{072031ED-49EC-45C2-AE44-40F28929D190}.Debug|iPhoneSimulator.ActiveCfg = Debug|Any CPU
		{072031ED-49EC-45C2-AE44-40F28929D190}.Debug|iPhoneSimulator.Build.0 = Debug|Any CPU
		{072031ED-49EC-45C2-AE44-40F28929D190}.Release|Any CPU.ActiveCfg = Release|Any CPU
		{072031ED-49EC-45C2-AE44-40F28929D190}.Release|Any CPU.Build.0 = Release|Any CPU
		{072031ED-49EC-45C2-AE44-40F28929D190}.Release|iPhone.ActiveCfg = Release|Any CPU
		{072031ED-49EC-45C2-AE44-40F28929D190}.Release|iPhone.Build.0 = Release|Any CPU
		{072031ED-49EC-45C2-AE44-40F28929D190}.Release|iPhoneSimulator.ActiveCfg = Release|Any CPU
		{072031ED-49EC-45C2-AE44-40F28929D190}.Release|iPhoneSimulator.Build.0 = Release|Any CPU
		{14A584B8-4168-4148-AAAA-63BF56BB2060}.Debug|Any CPU.ActiveCfg = Debug|Any CPU
		{14A584B8-4168-4148-AAAA-63BF56BB2060}.Debug|Any CPU.Build.0 = Debug|Any CPU
		{14A584B8-4168-4148-AAAA-63BF56BB2060}.Debug|iPhone.ActiveCfg = Debug|Any CPU
		{14A584B8-4168-4148-AAAA-63BF56BB2060}.Debug|iPhone.Build.0 = Debug|Any CPU
		{14A584B8-4168-4148-AAAA-63BF56BB2060}.Debug|iPhoneSimulator.ActiveCfg = Debug|Any CPU
		{14A584B8-4168-4148-AAAA-63BF56BB2060}.Debug|iPhoneSimulator.Build.0 = Debug|Any CPU
		{14A584B8-4168-4148-AAAA-63BF56BB2060}.Release|Any CPU.ActiveCfg = Release|Any CPU
		{14A584B8-4168-4148-AAAA-63BF56BB2060}.Release|Any CPU.Build.0 = Release|Any CPU
		{14A584B8-4168-4148-AAAA-63BF56BB2060}.Release|iPhone.ActiveCfg = Release|Any CPU
		{14A584B8-4168-4148-AAAA-63BF56BB2060}.Release|iPhone.Build.0 = Release|Any CPU
		{14A584B8-4168-4148-AAAA-63BF56BB2060}.Release|iPhoneSimulator.ActiveCfg = Release|Any CPU
		{14A584B8-4168-4148-AAAA-63BF56BB2060}.Release|iPhoneSimulator.Build.0 = Release|Any CPU
		{8164BB6A-E8C6-4245-9058-257E3A6E9585}.Debug|Any CPU.ActiveCfg = Debug|Any CPU
		{8164BB6A-E8C6-4245-9058-257E3A6E9585}.Debug|Any CPU.Build.0 = Debug|Any CPU
		{8164BB6A-E8C6-4245-9058-257E3A6E9585}.Debug|iPhone.ActiveCfg = Debug|Any CPU
		{8164BB6A-E8C6-4245-9058-257E3A6E9585}.Debug|iPhone.Build.0 = Debug|Any CPU
		{8164BB6A-E8C6-4245-9058-257E3A6E9585}.Debug|iPhoneSimulator.ActiveCfg = Debug|Any CPU
		{8164BB6A-E8C6-4245-9058-257E3A6E9585}.Debug|iPhoneSimulator.Build.0 = Debug|Any CPU
		{8164BB6A-E8C6-4245-9058-257E3A6E9585}.Release|Any CPU.ActiveCfg = Release|Any CPU
		{8164BB6A-E8C6-4245-9058-257E3A6E9585}.Release|Any CPU.Build.0 = Release|Any CPU
		{8164BB6A-E8C6-4245-9058-257E3A6E9585}.Release|iPhone.ActiveCfg = Release|Any CPU
		{8164BB6A-E8C6-4245-9058-257E3A6E9585}.Release|iPhone.Build.0 = Release|Any CPU
		{8164BB6A-E8C6-4245-9058-257E3A6E9585}.Release|iPhoneSimulator.ActiveCfg = Release|Any CPU
		{8164BB6A-E8C6-4245-9058-257E3A6E9585}.Release|iPhoneSimulator.Build.0 = Release|Any CPU
	EndGlobalSection
	GlobalSection(SolutionProperties) = preSolution
		HideSolutionNode = FALSE
	EndGlobalSection
	GlobalSection(NestedProjects) = preSolution
		{935CE771-B039-4FFD-888A-837023F04D7B} = {09608BE2-EF4F-4319-AD9B-A4914ED1FEFA}
		{9AEF455F-804B-4145-931D-3687AEC86BCE} = {4FC2CBE7-DDA7-4E88-A0A8-A3C8DCDDB9AE}
		{6089292C-B3B5-40D2-ABBD-560321794255} = {4FC2CBE7-DDA7-4E88-A0A8-A3C8DCDDB9AE}
		{0F2AB58D-0DC4-4591-8E3E-9235EE199362} = {4FC2CBE7-DDA7-4E88-A0A8-A3C8DCDDB9AE}
		{4FC2CBE7-DDA7-4E88-A0A8-A3C8DCDDB9AE} = {0EE09179-7B2E-4354-BC6A-88F939FE8392}
		{20B53C6D-BC8D-454F-AC7B-F24EB42A905F} = {0EE09179-7B2E-4354-BC6A-88F939FE8392}
		{61643658-E272-4A22-B143-BEC48CF8A83F} = {20B53C6D-BC8D-454F-AC7B-F24EB42A905F}
		{EB62A8D2-D617-42C1-A042-C31C929E827F} = {20B53C6D-BC8D-454F-AC7B-F24EB42A905F}
		{2B535B05-5C21-4D22-9176-9E43DABD8528} = {20B53C6D-BC8D-454F-AC7B-F24EB42A905F}
		{77B3FFB0-8B25-4409-AE71-BD58A3DD2C42} = {20B53C6D-BC8D-454F-AC7B-F24EB42A905F}
		{8546E6B4-115A-41E9-A2F5-986DAA748243} = {20B53C6D-BC8D-454F-AC7B-F24EB42A905F}
		{077EAA1A-607B-4570-9116-EBA9DA79449C} = {20B53C6D-BC8D-454F-AC7B-F24EB42A905F}
		{072031ED-49EC-45C2-AE44-40F28929D190} = {20B53C6D-BC8D-454F-AC7B-F24EB42A905F}
		{14A584B8-4168-4148-AAAA-63BF56BB2060} = {09608BE2-EF4F-4319-AD9B-A4914ED1FEFA}
		{8164BB6A-E8C6-4245-9058-257E3A6E9585} = {09608BE2-EF4F-4319-AD9B-A4914ED1FEFA}
	EndGlobalSection
	GlobalSection(ExtensibilityGlobals) = postSolution
		SolutionGuid = {6B7B0256-74C7-415B-BB71-629F91ACFC72}
	EndGlobalSection
EndGlobal
